
Microsoft Visual Studio Solution File, Format Version 12.00
# Visual Studio Version 17
VisualStudioVersion = 17.3.32825.248
MinimumVisualStudioVersion = 10.0.40219.1
Project("{FAE04EC0-301F-11D3-BF4B-00C04F79EFBC}") = "question5", "question5\question5.csproj", "{118D7B1F-6684-4439-B30D-EB81F648F2B2}"
EndProject
Global
	GlobalSection(SolutionConfigurationPlatforms) = preSolution
		Debug|Any CPU = Debug|Any CPU
		Release|Any CPU = Release|Any CPU
	EndGlobalSection
	GlobalSection(ProjectConfigurationPlatforms) = postSolution
		{118D7B1F-6684-4439-B30D-EB81F648F2B2}.Debug|Any CPU.ActiveCfg = Debug|Any CPU
		{118D7B1F-6684-4439-B30D-EB81F648F2B2}.Debug|Any CPU.Build.0 = Debug|Any CPU
		{118D7B1F-6684-4439-B30D-EB81F648F2B2}.Release|Any CPU.ActiveCfg = Release|Any CPU
		{118D7B1F-6684-4439-B30D-EB81F648F2B2}.Release|Any CPU.Build.0 = Release|Any CPU
	EndGlobalSection
	GlobalSection(SolutionProperties) = preSolution
		HideSolutionNode = FALSE
	EndGlobalSection
	GlobalSection(ExtensibilityGlobals) = postSolution
		SolutionGuid = {1AAF82FF-6470-4933-A5A3-68D0F44769BA}
	EndGlobalSection
EndGlobal
